// !$*UTF8*$!
{
	archiveVersion = 1;
	classes = {
	};
	objectVersion = 56;
	objects = {

/* Begin PBXBuildFile section */
		1E823F5F2AF9255900638C41 /* HomeHubApp.swift in Sources */ = {isa = PBXBuildFile; fileRef = 1E823F5E2AF9255900638C41 /* HomeHubApp.swift */; };
		1E823F612AF9255900638C41 /* HomeView.swift in Sources */ = {isa = PBXBuildFile; fileRef = 1E823F602AF9255900638C41 /* HomeView.swift */; };
		1E823F632AF9255A00638C41 /* Assets.xcassets in Resources */ = {isa = PBXBuildFile; fileRef = 1E823F622AF9255A00638C41 /* Assets.xcassets */; };
		1E823F662AF9255A00638C41 /* Preview Assets.xcassets in Resources */ = {isa = PBXBuildFile; fileRef = 1E823F652AF9255A00638C41 /* Preview Assets.xcassets */; };
		1E823F6E2AF94E7600638C41 /* WeatherManager.swift in Sources */ = {isa = PBXBuildFile; fileRef = 1E823F6D2AF94E7600638C41 /* WeatherManager.swift */; };
		1EB065122AF961760087F568 /* LocationManager.swift in Sources */ = {isa = PBXBuildFile; fileRef = 1EB065112AF961760087F568 /* LocationManager.swift */; };
		1EB065142AF9617B0087F568 /* EventManager.swift in Sources */ = {isa = PBXBuildFile; fileRef = 1EB065132AF9617B0087F568 /* EventManager.swift */; };
		1EB065182AF9675C0087F568 /* Date+Extensions.swift in Sources */ = {isa = PBXBuildFile; fileRef = 1EB065172AF9675C0087F568 /* Date+Extensions.swift */; };
		1EB0651A2AF9676A0087F568 /* Array+Extensions.swift in Sources */ = {isa = PBXBuildFile; fileRef = 1EB065192AF9676A0087F568 /* Array+Extensions.swift */; };
/* End PBXBuildFile section */

/* Begin PBXFileReference section */
		1E823F5B2AF9255900638C41 /* HomeHub.app */ = {isa = PBXFileReference; explicitFileType = wrapper.application; includeInIndex = 0; path = HomeHub.app; sourceTree = BUILT_PRODUCTS_DIR; };
		1E823F5E2AF9255900638C41 /* HomeHubApp.swift */ = {isa = PBXFileReference; lastKnownFileType = sourcecode.swift; path = HomeHubApp.swift; sourceTree = "<group>"; };
		1E823F602AF9255900638C41 /* HomeView.swift */ = {isa = PBXFileReference; lastKnownFileType = sourcecode.swift; path = HomeView.swift; sourceTree = "<group>"; };
		1E823F622AF9255A00638C41 /* Assets.xcassets */ = {isa = PBXFileReference; lastKnownFileType = folder.assetcatalog; path = Assets.xcassets; sourceTree = "<group>"; };
		1E823F652AF9255A00638C41 /* Preview Assets.xcassets */ = {isa = PBXFileReference; lastKnownFileType = folder.assetcatalog; path = "Preview Assets.xcassets"; sourceTree = "<group>"; };
		1E823F6C2AF94E5C00638C41 /* HomeHub.entitlements */ = {isa = PBXFileReference; lastKnownFileType = text.plist.entitlements; path = HomeHub.entitlements; sourceTree = "<group>"; };
		1E823F6D2AF94E7600638C41 /* WeatherManager.swift */ = {isa = PBXFileReference; lastKnownFileType = sourcecode.swift; path = WeatherManager.swift; sourceTree = "<group>"; };
		1EB065112AF961760087F568 /* LocationManager.swift */ = {isa = PBXFileReference; lastKnownFileType = sourcecode.swift; path = LocationManager.swift; sourceTree = "<group>"; };
		1EB065132AF9617B0087F568 /* EventManager.swift */ = {isa = PBXFileReference; lastKnownFileType = sourcecode.swift; path = EventManager.swift; sourceTree = "<group>"; };
		1EB065152AF966950087F568 /* Info.plist */ = {isa = PBXFileReference; lastKnownFileType = text.plist; path = Info.plist; sourceTree = "<group>"; };
		1EB065172AF9675C0087F568 /* Date+Extensions.swift */ = {isa = PBXFileReference; lastKnownFileType = sourcecode.swift; path = "Date+Extensions.swift"; sourceTree = "<group>"; };
		1EB065192AF9676A0087F568 /* Array+Extensions.swift */ = {isa = PBXFileReference; lastKnownFileType = sourcecode.swift; path = "Array+Extensions.swift"; sourceTree = "<group>"; };
/* End PBXFileReference section */

/* Begin PBXFrameworksBuildPhase section */
		1E823F582AF9255900638C41 /* Frameworks */ = {
			isa = PBXFrameworksBuildPhase;
			buildActionMask = 2147483647;
			files = (
			);
			runOnlyForDeploymentPostprocessing = 0;
		};
/* End PBXFrameworksBuildPhase section */

/* Begin PBXGroup section */
		1E823F522AF9255900638C41 = {
			isa = PBXGroup;
			children = (
				1E823F5D2AF9255900638C41 /* HomeHub */,
				1E823F5C2AF9255900638C41 /* Products */,
			);
			sourceTree = "<group>";
		};
		1E823F5C2AF9255900638C41 /* Products */ = {
			isa = PBXGroup;
			children = (
				1E823F5B2AF9255900638C41 /* HomeHub.app */,
			);
			name = Products;
			sourceTree = "<group>";
		};
		1E823F5D2AF9255900638C41 /* HomeHub */ = {
			isa = PBXGroup;
			children = (
				1EB065152AF966950087F568 /* Info.plist */,
				1E823F6C2AF94E5C00638C41 /* HomeHub.entitlements */,
				1E823F5E2AF9255900638C41 /* HomeHubApp.swift */,
				1E823F602AF9255900638C41 /* HomeView.swift */,
				1EB065162AF967530087F568 /* Extensions */,
				1EB065102AF9616C0087F568 /* Managers */,
				1E823F622AF9255A00638C41 /* Assets.xcassets */,
				1E823F642AF9255A00638C41 /* Preview Content */,
			);
			path = HomeHub;
			sourceTree = "<group>";
		};
		1E823F642AF9255A00638C41 /* Preview Content */ = {
			isa = PBXGroup;
			children = (
				1E823F652AF9255A00638C41 /* Preview Assets.xcassets */,
			);
			path = "Preview Content";
			sourceTree = "<group>";
		};
		1EB065102AF9616C0087F568 /* Managers */ = {
			isa = PBXGroup;
			children = (
				1E823F6D2AF94E7600638C41 /* WeatherManager.swift */,
				1EB065112AF961760087F568 /* LocationManager.swift */,
				1EB065132AF9617B0087F568 /* EventManager.swift */,
			);
			path = Managers;
			sourceTree = "<group>";
		};
		1EB065162AF967530087F568 /* Extensions */ = {
			isa = PBXGroup;
			children = (
				1EB065172AF9675C0087F568 /* Date+Extensions.swift */,
				1EB065192AF9676A0087F568 /* Array+Extensions.swift */,
			);
			path = Extensions;
			sourceTree = "<group>";
		};
/* End PBXGroup section */

/* Begin PBXNativeTarget section */
		1E823F5A2AF9255900638C41 /* HomeHub */ = {
			isa = PBXNativeTarget;
			buildConfigurationList = 1E823F692AF9255A00638C41 /* Build configuration list for PBXNativeTarget "HomeHub" */;
			buildPhases = (
				1E823F572AF9255900638C41 /* Sources */,
				1E823F582AF9255900638C41 /* Frameworks */,
				1E823F592AF9255900638C41 /* Resources */,
			);
			buildRules = (
			);
			dependencies = (
			);
			name = HomeHub;
			productName = HomeHub;
			productReference = 1E823F5B2AF9255900638C41 /* HomeHub.app */;
			productType = "com.apple.product-type.application";
		};
/* End PBXNativeTarget section */

/* Begin PBXProject section */
		1E823F532AF9255900638C41 /* Project object */ = {
			isa = PBXProject;
			attributes = {
				BuildIndependentTargetsInParallel = 1;
				LastSwiftUpdateCheck = 1500;
				LastUpgradeCheck = 1500;
				TargetAttributes = {
					1E823F5A2AF9255900638C41 = {
						CreatedOnToolsVersion = 15.0;
					};
				};
			};
			buildConfigurationList = 1E823F562AF9255900638C41 /* Build configuration list for PBXProject "HomeHub" */;
			compatibilityVersion = "Xcode 14.0";
			developmentRegion = en;
			hasScannedForEncodings = 0;
			knownRegions = (
				en,
				Base,
			);
			mainGroup = 1E823F522AF9255900638C41;
			productRefGroup = 1E823F5C2AF9255900638C41 /* Products */;
			projectDirPath = "";
			projectRoot = "";
			targets = (
				1E823F5A2AF9255900638C41 /* HomeHub */,
			);
		};
/* End PBXProject section */

/* Begin PBXResourcesBuildPhase section */
		1E823F592AF9255900638C41 /* Resources */ = {
			isa = PBXResourcesBuildPhase;
			buildActionMask = 2147483647;
			files = (
				1E823F662AF9255A00638C41 /* Preview Assets.xcassets in Resources */,
				1E823F632AF9255A00638C41 /* Assets.xcassets in Resources */,
			);
			runOnlyForDeploymentPostprocessing = 0;
		};
/* End PBXResourcesBuildPhase section */

/* Begin PBXSourcesBuildPhase section */
		1E823F572AF9255900638C41 /* Sources */ = {
			isa = PBXSourcesBuildPhase;
			buildActionMask = 2147483647;
			files = (
				1EB065142AF9617B0087F568 /* EventManager.swift in Sources */,
				1EB065122AF961760087F568 /* LocationManager.swift in Sources */,
				1E823F6E2AF94E7600638C41 /* WeatherManager.swift in Sources */,
				1EB0651A2AF9676A0087F568 /* Array+Extensions.swift in Sources */,
				1E823F612AF9255900638C41 /* HomeView.swift in Sources */,
				1E823F5F2AF9255900638C41 /* HomeHubApp.swift in Sources */,
				1EB065182AF9675C0087F568 /* Date+Extensions.swift in Sources */,
			);
			runOnlyForDeploymentPostprocessing = 0;
		};
/* End PBXSourcesBuildPhase section */

/* Begin XCBuildConfiguration section */
		1E823F672AF9255A00638C41 /* Debug */ = {
			isa = XCBuildConfiguration;
			buildSettings = {
				ALWAYS_SEARCH_USER_PATHS = NO;
				ASSETCATALOG_COMPILER_GENERATE_SWIFT_ASSET_SYMBOL_EXTENSIONS = YES;
				CLANG_ANALYZER_NONNULL = YES;
				CLANG_ANALYZER_NUMBER_OBJECT_CONVERSION = YES_AGGRESSIVE;
				CLANG_CXX_LANGUAGE_STANDARD = "gnu++20";
				CLANG_ENABLE_MODULES = YES;
				CLANG_ENABLE_OBJC_ARC = YES;
				CLANG_ENABLE_OBJC_WEAK = YES;
				CLANG_WARN_BLOCK_CAPTURE_AUTORELEASING = YES;
				CLANG_WARN_BOOL_CONVERSION = YES;
				CLANG_WARN_COMMA = YES;
				CLANG_WARN_CONSTANT_CONVERSION = YES;
				CLANG_WARN_DEPRECATED_OBJC_IMPLEMENTATIONS = YES;
				CLANG_WARN_DIRECT_OBJC_ISA_USAGE = YES_ERROR;
				CLANG_WARN_DOCUMENTATION_COMMENTS = YES;
				CLANG_WARN_EMPTY_BODY = YES;
				CLANG_WARN_ENUM_CONVERSION = YES;
				CLANG_WARN_INFINITE_RECURSION = YES;
				CLANG_WARN_INT_CONVERSION = YES;
				CLANG_WARN_NON_LITERAL_NULL_CONVERSION = YES;
				CLANG_WARN_OBJC_IMPLICIT_RETAIN_SELF = YES;
				CLANG_WARN_OBJC_LITERAL_CONVERSION = YES;
				CLANG_WARN_OBJC_ROOT_CLASS = YES_ERROR;
				CLANG_WARN_QUOTED_INCLUDE_IN_FRAMEWORK_HEADER = YES;
				CLANG_WARN_RANGE_LOOP_ANALYSIS = YES;
				CLANG_WARN_STRICT_PROTOTYPES = YES;
				CLANG_WARN_SUSPICIOUS_MOVE = YES;
				CLANG_WARN_UNGUARDED_AVAILABILITY = YES_AGGRESSIVE;
				CLANG_WARN_UNREACHABLE_CODE = YES;
				CLANG_WARN__DUPLICATE_METHOD_MATCH = YES;
				COPY_PHASE_STRIP = NO;
				DEBUG_INFORMATION_FORMAT = dwarf;
				ENABLE_STRICT_OBJC_MSGSEND = YES;
				ENABLE_TESTABILITY = YES;
				ENABLE_USER_SCRIPT_SANDBOXING = YES;
				GCC_C_LANGUAGE_STANDARD = gnu17;
				GCC_DYNAMIC_NO_PIC = NO;
				GCC_NO_COMMON_BLOCKS = YES;
				GCC_OPTIMIZATION_LEVEL = 0;
				GCC_PREPROCESSOR_DEFINITIONS = (
					"DEBUG=1",
					"$(inherited)",
				);
				GCC_WARN_64_TO_32_BIT_CONVERSION = YES;
				GCC_WARN_ABOUT_RETURN_TYPE = YES_ERROR;
				GCC_WARN_UNDECLARED_SELECTOR = YES;
				GCC_WARN_UNINITIALIZED_AUTOS = YES_AGGRESSIVE;
				GCC_WARN_UNUSED_FUNCTION = YES;
				GCC_WARN_UNUSED_VARIABLE = YES;
				IPHONEOS_DEPLOYMENT_TARGET = 17.0;
				LOCALIZATION_PREFERS_STRING_CATALOGS = YES;
				MTL_ENABLE_DEBUG_INFO = INCLUDE_SOURCE;
				MTL_FAST_MATH = YES;
				ONLY_ACTIVE_ARCH = YES;
				SDKROOT = iphoneos;
				SWIFT_ACTIVE_COMPILATION_CONDITIONS = "DEBUG $(inherited)";
				SWIFT_OPTIMIZATION_LEVEL = "-Onone";
			};
			name = Debug;
		};
		1E823F682AF9255A00638C41 /* Release */ = {
			isa = XCBuildConfiguration;
			buildSettings = {
				ALWAYS_SEARCH_USER_PATHS = NO;
				ASSETCATALOG_COMPILER_GENERATE_SWIFT_ASSET_SYMBOL_EXTENSIONS = YES;
				CLANG_ANALYZER_NONNULL = YES;
				CLANG_ANALYZER_NUMBER_OBJECT_CONVERSION = YES_AGGRESSIVE;
				CLANG_CXX_LANGUAGE_STANDARD = "gnu++20";
				CLANG_ENABLE_MODULES = YES;
				CLANG_ENABLE_OBJC_ARC = YES;
				CLANG_ENABLE_OBJC_WEAK = YES;
				CLANG_WARN_BLOCK_CAPTURE_AUTORELEASING = YES;
				CLANG_WARN_BOOL_CONVERSION = YES;
				CLANG_WARN_COMMA = YES;
				CLANG_WARN_CONSTANT_CONVERSION = YES;
				CLANG_WARN_DEPRECATED_OBJC_IMPLEMENTATIONS = YES;
				CLANG_WARN_DIRECT_OBJC_ISA_USAGE = YES_ERROR;
				CLANG_WARN_DOCUMENTATION_COMMENTS = YES;
				CLANG_WARN_EMPTY_BODY = YES;
				CLANG_WARN_ENUM_CONVERSION = YES;
				CLANG_WARN_INFINITE_RECURSION = YES;
				CLANG_WARN_INT_CONVERSION = YES;
				CLANG_WARN_NON_LITERAL_NULL_CONVERSION = YES;
				CLANG_WARN_OBJC_IMPLICIT_RETAIN_SELF = YES;
				CLANG_WARN_OBJC_LITERAL_CONVERSION = YES;
				CLANG_WARN_OBJC_ROOT_CLASS = YES_ERROR;
				CLANG_WARN_QUOTED_INCLUDE_IN_FRAMEWORK_HEADER = YES;
				CLANG_WARN_RANGE_LOOP_ANALYSIS = YES;
				CLANG_WARN_STRICT_PROTOTYPES = YES;
				CLANG_WARN_SUSPICIOUS_MOVE = YES;
				CLANG_WARN_UNGUARDED_AVAILABILITY = YES_AGGRESSIVE;
				CLANG_WARN_UNREACHABLE_CODE = YES;
				CLANG_WARN__DUPLICATE_METHOD_MATCH = YES;
				COPY_PHASE_STRIP = NO;
				DEBUG_INFORMATION_FORMAT = "dwarf-with-dsym";
				ENABLE_NS_ASSERTIONS = NO;
				ENABLE_STRICT_OBJC_MSGSEND = YES;
				ENABLE_USER_SCRIPT_SANDBOXING = YES;
				GCC_C_LANGUAGE_STANDARD = gnu17;
				GCC_NO_COMMON_BLOCKS = YES;
				GCC_WARN_64_TO_32_BIT_CONVERSION = YES;
				GCC_WARN_ABOUT_RETURN_TYPE = YES_ERROR;
				GCC_WARN_UNDECLARED_SELECTOR = YES;
				GCC_WARN_UNINITIALIZED_AUTOS = YES_AGGRESSIVE;
				GCC_WARN_UNUSED_FUNCTION = YES;
				GCC_WARN_UNUSED_VARIABLE = YES;
				IPHONEOS_DEPLOYMENT_TARGET = 17.0;
				LOCALIZATION_PREFERS_STRING_CATALOGS = YES;
				MTL_ENABLE_DEBUG_INFO = NO;
				MTL_FAST_MATH = YES;
				SDKROOT = iphoneos;
				SWIFT_COMPILATION_MODE = wholemodule;
				VALIDATE_PRODUCT = YES;
			};
			name = Release;
		};
		1E823F6A2AF9255A00638C41 /* Debug */ = {
			isa = XCBuildConfiguration;
			buildSettings = {
				ASSETCATALOG_COMPILER_APPICON_NAME = AppIcon;
				ASSETCATALOG_COMPILER_GLOBAL_ACCENT_COLOR_NAME = AccentColor;
				CODE_SIGN_ENTITLEMENTS = HomeHub/HomeHub.entitlements;
				CODE_SIGN_STYLE = Automatic;
				CURRENT_PROJECT_VERSION = 1;
				DEVELOPMENT_ASSET_PATHS = "\"HomeHub/Preview Content\"";
				DEVELOPMENT_TEAM = G746TBT9SB;
				ENABLE_PREVIEWS = YES;
				GENERATE_INFOPLIST_FILE = YES;
				INFOPLIST_FILE = HomeHub/Info.plist;
				INFOPLIST_KEY_UIApplicationSceneManifest_Generation = YES;
				INFOPLIST_KEY_UIApplicationSupportsIndirectInputEvents = YES;
				INFOPLIST_KEY_UILaunchScreen_Generation = YES;
				INFOPLIST_KEY_UISupportedInterfaceOrientations_iPad = "UIInterfaceOrientationPortrait UIInterfaceOrientationPortraitUpsideDown UIInterfaceOrientationLandscapeLeft UIInterfaceOrientationLandscapeRight";
				INFOPLIST_KEY_UISupportedInterfaceOrientations_iPhone = "UIInterfaceOrientationPortrait UIInterfaceOrientationLandscapeLeft UIInterfaceOrientationLandscapeRight";
				LD_RUNPATH_SEARCH_PATHS = (
					"$(inherited)",
					"@executable_path/Frameworks",
				);
				MARKETING_VERSION = 1.0;
				PRODUCT_BUNDLE_IDENTIFIER = com.canyoldas.HomeHub;
				PRODUCT_NAME = "$(TARGET_NAME)";
				SWIFT_EMIT_LOC_STRINGS = YES;
				SWIFT_VERSION = 5.0;
				TARGETED_DEVICE_FAMILY = "1,2";
			};
			name = Debug;
		};
		1E823F6B2AF9255A00638C41 /* Release */ = {
			isa = XCBuildConfiguration;
			buildSettings = {
				ASSETCATALOG_COMPILER_APPICON_NAME = AppIcon;
				ASSETCATALOG_COMPILER_GLOBAL_ACCENT_COLOR_NAME = AccentColor;
				CODE_SIGN_ENTITLEMENTS = HomeHub/HomeHub.entitlements;
				CODE_SIGN_STYLE = Automatic;
				CURRENT_PROJECT_VERSION = 1;
				DEVELOPMENT_ASSET_PATHS = "\"HomeHub/Preview Content\"";
				DEVELOPMENT_TEAM = G746TBT9SB;
				ENABLE_PREVIEWS = YES;
				GENERATE_INFOPLIST_FILE = YES;
				INFOPLIST_FILE = HomeHub/Info.plist;
				INFOPLIST_KEY_UIApplicationSceneManifest_Generation = YES;
				INFOPLIST_KEY_UIApplicationSupportsIndirectInputEvents = YES;
				INFOPLIST_KEY_UILaunchScreen_Generation = YES;
				INFOPLIST_KEY_UISupportedInterfaceOrientations_iPad = "UIInterfaceOrientationPortrait UIInterfaceOrientationPortraitUpsideDown UIInterfaceOrientationLandscapeLeft UIInterfaceOrientationLandscapeRight";
				INFOPLIST_KEY_UISupportedInterfaceOrientations_iPhone = "UIInterfaceOrientationPortrait UIInterfaceOrientationLandscapeLeft UIInterfaceOrientationLandscapeRight";
				LD_RUNPATH_SEARCH_PATHS = (
					"$(inherited)",
					"@executable_path/Frameworks",
				);
				MARKETING_VERSION = 1.0;
				PRODUCT_BUNDLE_IDENTIFIER = com.canyoldas.HomeHub;
				PRODUCT_NAME = "$(TARGET_NAME)";
				SWIFT_EMIT_LOC_STRINGS = YES;
				SWIFT_VERSION = 5.0;
				TARGETED_DEVICE_FAMILY = "1,2";
			};
			name = Release;
		};
/* End XCBuildConfiguration section */

/* Begin XCConfigurationList section */
		1E823F562AF9255900638C41 /* Build configuration list for PBXProject "HomeHub" */ = {
			isa = XCConfigurationList;
			buildConfigurations = (
				1E823F672AF9255A00638C41 /* Debug */,
				1E823F682AF9255A00638C41 /* Release */,
			);
			defaultConfigurationIsVisible = 0;
			defaultConfigurationName = Release;
		};
		1E823F692AF9255A00638C41 /* Build configuration list for PBXNativeTarget "HomeHub" */ = {
			isa = XCConfigurationList;
			buildConfigurations = (
				1E823F6A2AF9255A00638C41 /* Debug */,
				1E823F6B2AF9255A00638C41 /* Release */,
			);
			defaultConfigurationIsVisible = 0;
			defaultConfigurationName = Release;
		};
/* End XCConfigurationList section */
	};
	rootObject = 1E823F532AF9255900638C41 /* Project object */;
}
